
Microsoft Visual Studio Solution File, Format Version 12.00
# Visual Studio Version 17
VisualStudioVersion = 17.4.33205.214
MinimumVisualStudioVersion = 10.0.40219.1
Project("{9A19103F-16F7-4668-BE54-9A1E7A4F7556}") = "Conperio.AzureTableLogging", "Conperio.AzureTableLogging\Conperio.AzureTableLogging.csproj", "{8D65FB84-180F-4F93-9531-B939F594F630}"
EndProject
Project("{FAE04EC0-301F-11D3-BF4B-00C04F79EFBC}") = "LoggingApplication", "LoggingApplication\LoggingApplication.csproj", "{A69CA2C2-2209-47EB-9B14-6363F3312F70}"
EndProject
Global
	GlobalSection(SolutionConfigurationPlatforms) = preSolution
		Debug|Any CPU = Debug|Any CPU
		Release|Any CPU = Release|Any CPU
	EndGlobalSection
	GlobalSection(ProjectConfigurationPlatforms) = postSolution
		{8D65FB84-180F-4F93-9531-B939F594F630}.Debug|Any CPU.ActiveCfg = Debug|Any CPU
		{8D65FB84-180F-4F93-9531-B939F594F630}.Debug|Any CPU.Build.0 = Debug|Any CPU
		{8D65FB84-180F-4F93-9531-B939F594F630}.Release|Any CPU.ActiveCfg = Release|Any CPU
		{8D65FB84-180F-4F93-9531-B939F594F630}.Release|Any CPU.Build.0 = Release|Any CPU
		{A69CA2C2-2209-47EB-9B14-6363F3312F70}.Debug|Any CPU.ActiveCfg = Debug|Any CPU
		{A69CA2C2-2209-47EB-9B14-6363F3312F70}.Debug|Any CPU.Build.0 = Debug|Any CPU
		{A69CA2C2-2209-47EB-9B14-6363F3312F70}.Release|Any CPU.ActiveCfg = Release|Any CPU
		{A69CA2C2-2209-47EB-9B14-6363F3312F70}.Release|Any CPU.Build.0 = Release|Any CPU
	EndGlobalSection
	GlobalSection(SolutionProperties) = preSolution
		HideSolutionNode = FALSE
	EndGlobalSection
	GlobalSection(ExtensibilityGlobals) = postSolution
		SolutionGuid = {37E01C6F-D04B-4B46-A2CA-054E64D2CE67}
	EndGlobalSection
EndGlobal
